{
  "object": {
    "pins": [
      {
        "package": "CustomButton",
        "repositoryURL": "https://github.com/TheAlienMann/CustomButton",
        "state": {
          "branch": null,
          "revision": "7edd1b5801e18eca5ebb691e8c3d8c7fbab29c70",
          "version": "0.0.11"
        }
      }
    ]
  },
  "version": 1
}
